// !$*UTF8*$!
{
	archiveVersion = 1;
	classes = {
	};
	objectVersion = 46;
	objects = {

/* Begin PBXBuildFile section */
		4BC9347D1C17BD9D00244094 /* main.m in Sources */ = {isa = PBXBuildFile; fileRef = 4BC9347C1C17BD9D00244094 /* main.m */; };
		4BC934801C17BD9D00244094 /* AppDelegate.m in Sources */ = {isa = PBXBuildFile; fileRef = 4BC9347F1C17BD9D00244094 /* AppDelegate.m */; };
		4BC934831C17BD9D00244094 /* ViewController.m in Sources */ = {isa = PBXBuildFile; fileRef = 4BC934821C17BD9D00244094 /* ViewController.m */; };
		4BC934861C17BD9D00244094 /* Main.storyboard in Resources */ = {isa = PBXBuildFile; fileRef = 4BC934841C17BD9D00244094 /* Main.storyboard */; };
		4BC934881C17BD9D00244094 /* Assets.xcassets in Resources */ = {isa = PBXBuildFile; fileRef = 4BC934871C17BD9D00244094 /* Assets.xcassets */; };
		4BC9348B1C17BD9D00244094 /* LaunchScreen.storyboard in Resources */ = {isa = PBXBuildFile; fileRef = 4BC934891C17BD9D00244094 /* LaunchScreen.storyboard */; };
		4BC934961C17BD9D00244094 /* _2_9MapTests.m in Sources */ = {isa = PBXBuildFile; fileRef = 4BC934951C17BD9D00244094 /* _2_9MapTests.m */; };
		4BC934A11C17BD9D00244094 /* _2_9MapUITests.m in Sources */ = {isa = PBXBuildFile; fileRef = 4BC934A01C17BD9D00244094 /* _2_9MapUITests.m */; };
/* End PBXBuildFile section */

/* Begin PBXContainerItemProxy section */
		4BC934921C17BD9D00244094 /* PBXContainerItemProxy */ = {
			isa = PBXContainerItemProxy;
			containerPortal = 4BC934701C17BD9D00244094 /* Project object */;
			proxyType = 1;
			remoteGlobalIDString = 4BC934771C17BD9D00244094;
			remoteInfo = 12_9Map;
		};
		4BC9349D1C17BD9D00244094 /* PBXContainerItemProxy */ = {
			isa = PBXContainerItemProxy;
			containerPortal = 4BC934701C17BD9D00244094 /* Project object */;
			proxyType = 1;
			remoteGlobalIDString = 4BC934771C17BD9D00244094;
			remoteInfo = 12_9Map;
		};
/* End PBXContainerItemProxy section */

/* Begin PBXFileReference section */
		4BC934781C17BD9D00244094 /* 12_9Map.app */ = {isa = PBXFileReference; explicitFileType = wrapper.application; includeInIndex = 0; path = 12_9Map.app; sourceTree = BUILT_PRODUCTS_DIR; };
		4BC9347C1C17BD9D00244094 /* main.m */ = {isa = PBXFileReference; lastKnownFileType = sourcecode.c.objc; path = main.m; sourceTree = "<group>"; };
		4BC9347E1C17BD9D00244094 /* AppDelegate.h */ = {isa = PBXFileReference; lastKnownFileType = sourcecode.c.h; path = AppDelegate.h; sourceTree = "<group>"; };
		4BC9347F1C17BD9D00244094 /* AppDelegate.m */ = {isa = PBXFileReference; lastKnownFileType = sourcecode.c.objc; path = AppDelegate.m; sourceTree = "<group>"; };
		4BC934811C17BD9D00244094 /* ViewController.h */ = {isa = PBXFileReference; lastKnownFileType = sourcecode.c.h; path = ViewController.h; sourceTree = "<group>"; };
		4BC934821C17BD9D00244094 /* ViewController.m */ = {isa = PBXFileReference; lastKnownFileType = sourcecode.c.objc; path = ViewController.m; sourceTree = "<group>"; };
		4BC934851C17BD9D00244094 /* Base */ = {isa = PBXFileReference; lastKnownFileType = file.storyboard; name = Base; path = Base.lproj/Main.storyboard; sourceTree = "<group>"; };
		4BC934871C17BD9D00244094 /* Assets.xcassets */ = {isa = PBXFileReference; lastKnownFileType = folder.assetcatalog; path = Assets.xcassets; sourceTree = "<group>"; };
		4BC9348A1C17BD9D00244094 /* Base */ = {isa = PBXFileReference; lastKnownFileType = file.storyboard; name = Base; path = Base.lproj/LaunchScreen.storyboard; sourceTree = "<group>"; };
		4BC9348C1C17BD9D00244094 /* Info.plist */ = {isa = PBXFileReference; lastKnownFileType = text.plist.xml; path = Info.plist; sourceTree = "<group>"; };
		4BC934911C17BD9D00244094 /* 12_9MapTests.xctest */ = {isa = PBXFileReference; explicitFileType = wrapper.cfbundle; includeInIndex = 0; path = 12_9MapTests.xctest; sourceTree = BUILT_PRODUCTS_DIR; };
		4BC934951C17BD9D00244094 /* _2_9MapTests.m */ = {isa = PBXFileReference; lastKnownFileType = sourcecode.c.objc; path = _2_9MapTests.m; sourceTree = "<group>"; };
		4BC934971C17BD9D00244094 /* Info.plist */ = {isa = PBXFileReference; lastKnownFileType = text.plist.xml; path = Info.plist; sourceTree = "<group>"; };
		4BC9349C1C17BD9D00244094 /* 12_9MapUITests.xctest */ = {isa = PBXFileReference; explicitFileType = wrapper.cfbundle; includeInIndex = 0; path = 12_9MapUITests.xctest; sourceTree = BUILT_PRODUCTS_DIR; };
		4BC934A01C17BD9D00244094 /* _2_9MapUITests.m */ = {isa = PBXFileReference; lastKnownFileType = sourcecode.c.objc; path = _2_9MapUITests.m; sourceTree = "<group>"; };
		4BC934A21C17BD9D00244094 /* Info.plist */ = {isa = PBXFileReference; lastKnownFileType = text.plist.xml; path = Info.plist; sourceTree = "<group>"; };
/* End PBXFileReference section */

/* Begin PBXFrameworksBuildPhase section */
		4BC934751C17BD9D00244094 /* Frameworks */ = {
			isa = PBXFrameworksBuildPhase;
			buildActionMask = 2147483647;
			files = (
			);
			runOnlyForDeploymentPostprocessing = 0;
		};
		4BC9348E1C17BD9D00244094 /* Frameworks */ = {
			isa = PBXFrameworksBuildPhase;
			buildActionMask = 2147483647;
			files = (
			);
			runOnlyForDeploymentPostprocessing = 0;
		};
		4BC934991C17BD9D00244094 /* Frameworks */ = {
			isa = PBXFrameworksBuildPhase;
			buildActionMask = 2147483647;
			files = (
			);
			runOnlyForDeploymentPostprocessing = 0;
		};
/* End PBXFrameworksBuildPhase section */

/* Begin PBXGroup section */
		4BC9346F1C17BD9D00244094 = {
			isa = PBXGroup;
			children = (
				4BC9347A1C17BD9D00244094 /* 12_9Map */,
				4BC934941C17BD9D00244094 /* 12_9MapTests */,
				4BC9349F1C17BD9D00244094 /* 12_9MapUITests */,
				4BC934791C17BD9D00244094 /* Products */,
			);
			sourceTree = "<group>";
		};
		4BC934791C17BD9D00244094 /* Products */ = {
			isa = PBXGroup;
			children = (
				4BC934781C17BD9D00244094 /* 12_9Map.app */,
				4BC934911C17BD9D00244094 /* 12_9MapTests.xctest */,
				4BC9349C1C17BD9D00244094 /* 12_9MapUITests.xctest */,
			);
			name = Products;
			sourceTree = "<group>";
		};
		4BC9347A1C17BD9D00244094 /* 12_9Map */ = {
			isa = PBXGroup;
			children = (
				4BC9347E1C17BD9D00244094 /* AppDelegate.h */,
				4BC9347F1C17BD9D00244094 /* AppDelegate.m */,
				4BC934811C17BD9D00244094 /* ViewController.h */,
				4BC934821C17BD9D00244094 /* ViewController.m */,
				4BC934841C17BD9D00244094 /* Main.storyboard */,
				4BC934871C17BD9D00244094 /* Assets.xcassets */,
				4BC934891C17BD9D00244094 /* LaunchScreen.storyboard */,
				4BC9348C1C17BD9D00244094 /* Info.plist */,
				4BC9347B1C17BD9D00244094 /* Supporting Files */,
			);
			path = 12_9Map;
			sourceTree = "<group>";
		};
		4BC9347B1C17BD9D00244094 /* Supporting Files */ = {
			isa = PBXGroup;
			children = (
				4BC9347C1C17BD9D00244094 /* main.m */,
			);
			name = "Supporting Files";
			sourceTree = "<group>";
		};
		4BC934941C17BD9D00244094 /* 12_9MapTests */ = {
			isa = PBXGroup;
			children = (
				4BC934951C17BD9D00244094 /* _2_9MapTests.m */,
				4BC934971C17BD9D00244094 /* Info.plist */,
			);
			path = 12_9MapTests;
			sourceTree = "<group>";
		};
		4BC9349F1C17BD9D00244094 /* 12_9MapUITests */ = {
			isa = PBXGroup;
			children = (
				4BC934A01C17BD9D00244094 /* _2_9MapUITests.m */,
				4BC934A21C17BD9D00244094 /* Info.plist */,
			);
			path = 12_9MapUITests;
			sourceTree = "<group>";
		};
/* End PBXGroup section */

/* Begin PBXNativeTarget section */
		4BC934771C17BD9D00244094 /* 12_9Map */ = {
			isa = PBXNativeTarget;
			buildConfigurationList = 4BC934A51C17BD9D00244094 /* Build configuration list for PBXNativeTarget "12_9Map" */;
			buildPhases = (
				4BC934741C17BD9D00244094 /* Sources */,
				4BC934751C17BD9D00244094 /* Frameworks */,
				4BC934761C17BD9D00244094 /* Resources */,
			);
			buildRules = (
			);
			dependencies = (
			);
			name = 12_9Map;
			productName = 12_9Map;
			productReference = 4BC934781C17BD9D00244094 /* 12_9Map.app */;
			productType = "com.apple.product-type.application";
		};
		4BC934901C17BD9D00244094 /* 12_9MapTests */ = {
			isa = PBXNativeTarget;
			buildConfigurationList = 4BC934A81C17BD9D00244094 /* Build configuration list for PBXNativeTarget "12_9MapTests" */;
			buildPhases = (
				4BC9348D1C17BD9D00244094 /* Sources */,
				4BC9348E1C17BD9D00244094 /* Frameworks */,
				4BC9348F1C17BD9D00244094 /* Resources */,
			);
			buildRules = (
			);
			dependencies = (
				4BC934931C17BD9D00244094 /* PBXTargetDependency */,
			);
			name = 12_9MapTests;
			productName = 12_9MapTests;
			productReference = 4BC934911C17BD9D00244094 /* 12_9MapTests.xctest */;
			productType = "com.apple.product-type.bundle.unit-test";
		};
		4BC9349B1C17BD9D00244094 /* 12_9MapUITests */ = {
			isa = PBXNativeTarget;
			buildConfigurationList = 4BC934AB1C17BD9D00244094 /* Build configuration list for PBXNativeTarget "12_9MapUITests" */;
			buildPhases = (
				4BC934981C17BD9D00244094 /* Sources */,
				4BC934991C17BD9D00244094 /* Frameworks */,
				4BC9349A1C17BD9D00244094 /* Resources */,
			);
			buildRules = (
			);
			dependencies = (
				4BC9349E1C17BD9D00244094 /* PBXTargetDependency */,
			);
			name = 12_9MapUITests;
			productName = 12_9MapUITests;
			productReference = 4BC9349C1C17BD9D00244094 /* 12_9MapUITests.xctest */;
			productType = "com.apple.product-type.bundle.ui-testing";
		};
/* End PBXNativeTarget section */

/* Begin PBXProject section */
		4BC934701C17BD9D00244094 /* Project object */ = {
			isa = PBXProject;
			attributes = {
				LastUpgradeCheck = 0710;
				ORGANIZATIONNAME = wzx;
				TargetAttributes = {
					4BC934771C17BD9D00244094 = {
						CreatedOnToolsVersion = 7.1.1;
					};
					4BC934901C17BD9D00244094 = {
						CreatedOnToolsVersion = 7.1.1;
						TestTargetID = 4BC934771C17BD9D00244094;
					};
					4BC9349B1C17BD9D00244094 = {
						CreatedOnToolsVersion = 7.1.1;
						TestTargetID = 4BC934771C17BD9D00244094;
					};
				};
			};
			buildConfigurationList = 4BC934731C17BD9D00244094 /* Build configuration list for PBXProject "12_9Map" */;
			compatibilityVersion = "Xcode 3.2";
			developmentRegion = English;
			hasScannedForEncodings = 0;
			knownRegions = (
				en,
				Base,
			);
			mainGroup = 4BC9346F1C17BD9D00244094;
			productRefGroup = 4BC934791C17BD9D00244094 /* Products */;
			projectDirPath = "";
			projectRoot = "";
			targets = (
				4BC934771C17BD9D00244094 /* 12_9Map */,
				4BC934901C17BD9D00244094 /* 12_9MapTests */,
				4BC9349B1C17BD9D00244094 /* 12_9MapUITests */,
			);
		};
/* End PBXProject section */

/* Begin PBXResourcesBuildPhase section */
		4BC934761C17BD9D00244094 /* Resources */ = {
			isa = PBXResourcesBuildPhase;
			buildActionMask = 2147483647;
			files = (
				4BC9348B1C17BD9D00244094 /* LaunchScreen.storyboard in Resources */,
				4BC934881C17BD9D00244094 /* Assets.xcassets in Resources */,
				4BC934861C17BD9D00244094 /* Main.storyboard in Resources */,
			);
			runOnlyForDeploymentPostprocessing = 0;
		};
		4BC9348F1C17BD9D00244094 /* Resources */ = {
			isa = PBXResourcesBuildPhase;
			buildActionMask = 2147483647;
			files = (
			);
			runOnlyForDeploymentPostprocessing = 0;
		};
		4BC9349A1C17BD9D00244094 /* Resources */ = {
			isa = PBXResourcesBuildPhase;
			buildActionMask = 2147483647;
			files = (
			);
			runOnlyForDeploymentPostprocessing = 0;
		};
/* End PBXResourcesBuildPhase section */

/* Begin PBXSourcesBuildPhase section */
		4BC934741C17BD9D00244094 /* Sources */ = {
			isa = PBXSourcesBuildPhase;
			buildActionMask = 2147483647;
			files = (
				4BC934831C17BD9D00244094 /* ViewController.m in Sources */,
				4BC934801C17BD9D00244094 /* AppDelegate.m in Sources */,
				4BC9347D1C17BD9D00244094 /* main.m in Sources */,
			);
			runOnlyForDeploymentPostprocessing = 0;
		};
		4BC9348D1C17BD9D00244094 /* Sources */ = {
			isa = PBXSourcesBuildPhase;
			buildActionMask = 2147483647;
			files = (
				4BC934961C17BD9D00244094 /* _2_9MapTests.m in Sources */,
			);
			runOnlyForDeploymentPostprocessing = 0;
		};
		4BC934981C17BD9D00244094 /* Sources */ = {
			isa = PBXSourcesBuildPhase;
			buildActionMask = 2147483647;
			files = (
				4BC934A11C17BD9D00244094 /* _2_9MapUITests.m in Sources */,
			);
			runOnlyForDeploymentPostprocessing = 0;
		};
/* End PBXSourcesBuildPhase section */

/* Begin PBXTargetDependency section */
		4BC934931C17BD9D00244094 /* PBXTargetDependency */ = {
			isa = PBXTargetDependency;
			target = 4BC934771C17BD9D00244094 /* 12_9Map */;
			targetProxy = 4BC934921C17BD9D00244094 /* PBXContainerItemProxy */;
		};
		4BC9349E1C17BD9D00244094 /* PBXTargetDependency */ = {
			isa = PBXTargetDependency;
			target = 4BC934771C17BD9D00244094 /* 12_9Map */;
			targetProxy = 4BC9349D1C17BD9D00244094 /* PBXContainerItemProxy */;
		};
/* End PBXTargetDependency section */

/* Begin PBXVariantGroup section */
		4BC934841C17BD9D00244094 /* Main.storyboard */ = {
			isa = PBXVariantGroup;
			children = (
				4BC934851C17BD9D00244094 /* Base */,
			);
			name = Main.storyboard;
			sourceTree = "<group>";
		};
		4BC934891C17BD9D00244094 /* LaunchScreen.storyboard */ = {
			isa = PBXVariantGroup;
			children = (
				4BC9348A1C17BD9D00244094 /* Base */,
			);
			name = LaunchScreen.storyboard;
			sourceTree = "<group>";
		};
/* End PBXVariantGroup section */

/* Begin XCBuildConfiguration section */
		4BC934A31C17BD9D00244094 /* Debug */ = {
			isa = XCBuildConfiguration;
			buildSettings = {
				ALWAYS_SEARCH_USER_PATHS = NO;
				CLANG_CXX_LANGUAGE_STANDARD = "gnu++0x";
				CLANG_CXX_LIBRARY = "libc++";
				CLANG_ENABLE_MODULES = YES;
				CLANG_ENABLE_OBJC_ARC = YES;
				CLANG_WARN_BOOL_CONVERSION = YES;
				CLANG_WARN_CONSTANT_CONVERSION = YES;
				CLANG_WARN_DIRECT_OBJC_ISA_USAGE = YES_ERROR;
				CLANG_WARN_EMPTY_BODY = YES;
				CLANG_WARN_ENUM_CONVERSION = YES;
				CLANG_WARN_INT_CONVERSION = YES;
				CLANG_WARN_OBJC_ROOT_CLASS = YES_ERROR;
				CLANG_WARN_UNREACHABLE_CODE = YES;
				CLANG_WARN__DUPLICATE_METHOD_MATCH = YES;
				"CODE_SIGN_IDENTITY[sdk=iphoneos*]" = "iPhone Developer";
				COPY_PHASE_STRIP = NO;
				DEBUG_INFORMATION_FORMAT = dwarf;
				ENABLE_STRICT_OBJC_MSGSEND = YES;
				ENABLE_TESTABILITY = YES;
				GCC_C_LANGUAGE_STANDARD = gnu99;
				GCC_DYNAMIC_NO_PIC = NO;
				GCC_NO_COMMON_BLOCKS = YES;
				GCC_OPTIMIZATION_LEVEL = 0;
				GCC_PREPROCESSOR_DEFINITIONS = (
					"DEBUG=1",
					"$(inherited)",
				);
				GCC_WARN_64_TO_32_BIT_CONVERSION = YES;
				GCC_WARN_ABOUT_RETURN_TYPE = YES_ERROR;
				GCC_WARN_UNDECLARED_SELECTOR = YES;
				GCC_WARN_UNINITIALIZED_AUTOS = YES_AGGRESSIVE;
				GCC_WARN_UNUSED_FUNCTION = YES;
				GCC_WARN_UNUSED_VARIABLE = YES;
				IPHONEOS_DEPLOYMENT_TARGET = 9.1;
				MTL_ENABLE_DEBUG_INFO = YES;
				ONLY_ACTIVE_ARCH = YES;
				SDKROOT = iphoneos;
			};
			name = Debug;
		};
		4BC934A41C17BD9D00244094 /* Release */ = {
			isa = XCBuildConfiguration;
			buildSettings = {
				ALWAYS_SEARCH_USER_PATHS = NO;
				CLANG_CXX_LANGUAGE_STANDARD = "gnu++0x";
				CLANG_CXX_LIBRARY = "libc++";
				CLANG_ENABLE_MODULES = YES;
				CLANG_ENABLE_OBJC_ARC = YES;
				CLANG_WARN_BOOL_CONVERSION = YES;
				CLANG_WARN_CONSTANT_CONVERSION = YES;
				CLANG_WARN_DIRECT_OBJC_ISA_USAGE = YES_ERROR;
				CLANG_WARN_EMPTY_BODY = YES;
				CLANG_WARN_ENUM_CONVERSION = YES;
				CLANG_WARN_INT_CONVERSION = YES;
				CLANG_WARN_OBJC_ROOT_CLASS = YES_ERROR;
				CLANG_WARN_UNREACHABLE_CODE = YES;
				CLANG_WARN__DUPLICATE_METHOD_MATCH = YES;
				"CODE_SIGN_IDENTITY[sdk=iphoneos*]" = "iPhone Developer";
				COPY_PHASE_STRIP = NO;
				DEBUG_INFORMATION_FORMAT = "dwarf-with-dsym";
				ENABLE_NS_ASSERTIONS = NO;
				ENABLE_STRICT_OBJC_MSGSEND = YES;
				GCC_C_LANGUAGE_STANDARD = gnu99;
				GCC_NO_COMMON_BLOCKS = YES;
				GCC_WARN_64_TO_32_BIT_CONVERSION = YES;
				GCC_WARN_ABOUT_RETURN_TYPE = YES_ERROR;
				GCC_WARN_UNDECLARED_SELECTOR = YES;
				GCC_WARN_UNINITIALIZED_AUTOS = YES_AGGRESSIVE;
				GCC_WARN_UNUSED_FUNCTION = YES;
				GCC_WARN_UNUSED_VARIABLE = YES;
				IPHONEOS_DEPLOYMENT_TARGET = 9.1;
				MTL_ENABLE_DEBUG_INFO = NO;
				SDKROOT = iphoneos;
				VALIDATE_PRODUCT = YES;
			};
			name = Release;
		};
		4BC934A61C17BD9D00244094 /* Debug */ = {
			isa = XCBuildConfiguration;
			buildSettings = {
				ASSETCATALOG_COMPILER_APPICON_NAME = AppIcon;
				INFOPLIST_FILE = 12_9Map/Info.plist;
				LD_RUNPATH_SEARCH_PATHS = "$(inherited) @executable_path/Frameworks";
				PRODUCT_BUNDLE_IDENTIFIER = "com.wordoor.-2-9Map";
				PRODUCT_NAME = "$(TARGET_NAME)";
			};
			name = Debug;
		};
		4BC934A71C17BD9D00244094 /* Release */ = {
			isa = XCBuildConfiguration;
			buildSettings = {
				ASSETCATALOG_COMPILER_APPICON_NAME = AppIcon;
				INFOPLIST_FILE = 12_9Map/Info.plist;
				LD_RUNPATH_SEARCH_PATHS = "$(inherited) @executable_path/Frameworks";
				PRODUCT_BUNDLE_IDENTIFIER = "com.wordoor.-2-9Map";
				PRODUCT_NAME = "$(TARGET_NAME)";
			};
			name = Release;
		};
		4BC934A91C17BD9D00244094 /* Debug */ = {
			isa = XCBuildConfiguration;
			buildSettings = {
				BUNDLE_LOADER = "$(TEST_HOST)";
				INFOPLIST_FILE = 12_9MapTests/Info.plist;
				LD_RUNPATH_SEARCH_PATHS = "$(inherited) @executable_path/Frameworks @loader_path/Frameworks";
				PRODUCT_BUNDLE_IDENTIFIER = "com.wordoor.-2-9MapTests";
				PRODUCT_NAME = "$(TARGET_NAME)";
				TEST_HOST = "$(BUILT_PRODUCTS_DIR)/12_9Map.app/12_9Map";
			};
			name = Debug;
		};
		4BC934AA1C17BD9D00244094 /* Release */ = {
			isa = XCBuildConfiguration;
			buildSettings = {
				BUNDLE_LOADER = "$(TEST_HOST)";
				INFOPLIST_FILE = 12_9MapTests/Info.plist;
				LD_RUNPATH_SEARCH_PATHS = "$(inherited) @executable_path/Frameworks @loader_path/Frameworks";
				PRODUCT_BUNDLE_IDENTIFIER = "com.wordoor.-2-9MapTests";
				PRODUCT_NAME = "$(TARGET_NAME)";
				TEST_HOST = "$(BUILT_PRODUCTS_DIR)/12_9Map.app/12_9Map";
			};
			name = Release;
		};
		4BC934AC1C17BD9D00244094 /* Debug */ = {
			isa = XCBuildConfiguration;
			buildSettings = {
				INFOPLIST_FILE = 12_9MapUITests/Info.plist;
				LD_RUNPATH_SEARCH_PATHS = "$(inherited) @executable_path/Frameworks @loader_path/Frameworks";
				PRODUCT_BUNDLE_IDENTIFIER = "com.wordoor.-2-9MapUITests";
				PRODUCT_NAME = "$(TARGET_NAME)";
				TEST_TARGET_NAME = 12_9Map;
				USES_XCTRUNNER = YES;
			};
			name = Debug;
		};
		4BC934AD1C17BD9D00244094 /* Release */ = {
			isa = XCBuildConfiguration;
			buildSettings = {
				INFOPLIST_FILE = 12_9MapUITests/Info.plist;
				LD_RUNPATH_SEARCH_PATHS = "$(inherited) @executable_path/Frameworks @loader_path/Frameworks";
				PRODUCT_BUNDLE_IDENTIFIER = "com.wordoor.-2-9MapUITests";
				PRODUCT_NAME = "$(TARGET_NAME)";
				TEST_TARGET_NAME = 12_9Map;
				USES_XCTRUNNER = YES;
			};
			name = Release;
		};
/* End XCBuildConfiguration section */

/* Begin XCConfigurationList section */
		4BC934731C17BD9D00244094 /* Build configuration list for PBXProject "12_9Map" */ = {
			isa = XCConfigurationList;
			buildConfigurations = (
				4BC934A31C17BD9D00244094 /* Debug */,
				4BC934A41C17BD9D00244094 /* Release */,
			);
			defaultConfigurationIsVisible = 0;
			defaultConfigurationName = Release;
		};
		4BC934A51C17BD9D00244094 /* Build configuration list for PBXNativeTarget "12_9Map" */ = {
			isa = XCConfigurationList;
			buildConfigurations = (
				4BC934A61C17BD9D00244094 /* Debug */,
				4BC934A71C17BD9D00244094 /* Release */,
			);
			defaultConfigurationIsVisible = 0;
		};
		4BC934A81C17BD9D00244094 /* Build configuration list for PBXNativeTarget "12_9MapTests" */ = {
			isa = XCConfigurationList;
			buildConfigurations = (
				4BC934A91C17BD9D00244094 /* Debug */,
				4BC934AA1C17BD9D00244094 /* Release */,
			);
			defaultConfigurationIsVisible = 0;
		};
		4BC934AB1C17BD9D00244094 /* Build configuration list for PBXNativeTarget "12_9MapUITests" */ = {
			isa = XCConfigurationList;
			buildConfigurations = (
				4BC934AC1C17BD9D00244094 /* Debug */,
				4BC934AD1C17BD9D00244094 /* Release */,
			);
			defaultConfigurationIsVisible = 0;
		};
/* End XCConfigurationList section */
	};
	rootObject = 4BC934701C17BD9D00244094 /* Project object */;
}
